// !$*UTF8*$!
{
	archiveVersion = 1;
	classes = {
	};
	objectVersion = 50;
	objects = {

/* Begin PBXBuildFile section */
		84487AA725E7050E00C77B36 /* LikeButton.swift in Sources */ = {isa = PBXBuildFile; fileRef = 84487AA625E7050E00C77B36 /* LikeButton.swift */; };
		8449984625EADF2100830EBD /* CommentButton.swift in Sources */ = {isa = PBXBuildFile; fileRef = 8449984525EADF2100830EBD /* CommentButton.swift */; };
		8449984925EADF3900830EBD /* ShareButton.swift in Sources */ = {isa = PBXBuildFile; fileRef = 8449984825EADF3900830EBD /* ShareButton.swift */; };
		8449984C25EADF9500830EBD /* CountOfViews.swift in Sources */ = {isa = PBXBuildFile; fileRef = 8449984B25EADF9500830EBD /* CountOfViews.swift */; };
		844AAA7A25A12B51009BB6BC /* CustomImageView.swift in Sources */ = {isa = PBXBuildFile; fileRef = 844AAA7925A12B51009BB6BC /* CustomImageView.swift */; };
		844DC74C259D28A0007AC6F3 /* AppDelegate.swift in Sources */ = {isa = PBXBuildFile; fileRef = 844DC74B259D28A0007AC6F3 /* AppDelegate.swift */; };
		844DC74E259D28A0007AC6F3 /* SceneDelegate.swift in Sources */ = {isa = PBXBuildFile; fileRef = 844DC74D259D28A0007AC6F3 /* SceneDelegate.swift */; };
		844DC753259D28A0007AC6F3 /* Main.storyboard in Resources */ = {isa = PBXBuildFile; fileRef = 844DC751259D28A0007AC6F3 /* Main.storyboard */; };
		844DC755259D28A1007AC6F3 /* Assets.xcassets in Resources */ = {isa = PBXBuildFile; fileRef = 844DC754259D28A1007AC6F3 /* Assets.xcassets */; };
		844DC758259D28A1007AC6F3 /* LaunchScreen.storyboard in Resources */ = {isa = PBXBuildFile; fileRef = 844DC756259D28A1007AC6F3 /* LaunchScreen.storyboard */; };
		8450C40325A24A50006D6B55 /* LikeButtom.swift in Sources */ = {isa = PBXBuildFile; fileRef = 8450C40225A24A50006D6B55 /* LikeButtom.swift */; };
		84559AE725A0B93E00AA8E41 /* BarViewController.swift in Sources */ = {isa = PBXBuildFile; fileRef = 84559AE625A0B93E00AA8E41 /* BarViewController.swift */; };
		84559AEB25A0BCA100AA8E41 /* UserCell.swift in Sources */ = {isa = PBXBuildFile; fileRef = 84559AEA25A0BCA100AA8E41 /* UserCell.swift */; };
		84559AEE25A0BCB600AA8E41 /* GroupCell.swift in Sources */ = {isa = PBXBuildFile; fileRef = 84559AED25A0BCB600AA8E41 /* GroupCell.swift */; };
		84559AF425A0BF4200AA8E41 /* FriendsViewController.swift in Sources */ = {isa = PBXBuildFile; fileRef = 84559AF325A0BF4200AA8E41 /* FriendsViewController.swift */; };
		84559AF825A0BF8A00AA8E41 /* UserGroupViewController.swift in Sources */ = {isa = PBXBuildFile; fileRef = 84559AF725A0BF8A00AA8E41 /* UserGroupViewController.swift */; };
		84559AFB25A0BFC800AA8E41 /* AllGroupTableViewController.swift in Sources */ = {isa = PBXBuildFile; fileRef = 84559AFA25A0BFC800AA8E41 /* AllGroupTableViewController.swift */; };
		84559AFE25A0C00E00AA8E41 /* AllGroupViewCell.swift in Sources */ = {isa = PBXBuildFile; fileRef = 84559AFD25A0C00E00AA8E41 /* AllGroupViewCell.swift */; };
		84559B0225A0C0D300AA8E41 /* FriendCollectionViewController.swift in Sources */ = {isa = PBXBuildFile; fileRef = 84559B0125A0C0D300AA8E41 /* FriendCollectionViewController.swift */; };
		84559B0525A0C0EC00AA8E41 /* FriendCollectionViewCell.swift in Sources */ = {isa = PBXBuildFile; fileRef = 84559B0425A0C0EC00AA8E41 /* FriendCollectionViewCell.swift */; };
		84C0423525E18F4D00ED8E0C /* Contact.swift in Sources */ = {isa = PBXBuildFile; fileRef = 84C0423425E18F4D00ED8E0C /* Contact.swift */; };
		84C0423A25E1C5D600ED8E0C /* NewsViewController.swift in Sources */ = {isa = PBXBuildFile; fileRef = 84C0423925E1C5D600ED8E0C /* NewsViewController.swift */; };
		84C0423E25E1C5E800ED8E0C /* NewsViewCell.swift in Sources */ = {isa = PBXBuildFile; fileRef = 84C0423D25E1C5E800ED8E0C /* NewsViewCell.swift */; };
		84CE66F4259FD8FA003DACF0 /* LoginFormController.swift in Sources */ = {isa = PBXBuildFile; fileRef = 84CE66F3259FD8FA003DACF0 /* LoginFormController.swift */; };
		84CE66F8259FDAEF003DACF0 /* Login2.swift in Sources */ = {isa = PBXBuildFile; fileRef = 84CE66F7259FDAEF003DACF0 /* Login2.swift */; };
/* End PBXBuildFile section */

/* Begin PBXFileReference section */
		84487AA625E7050E00C77B36 /* LikeButton.swift */ = {isa = PBXFileReference; lastKnownFileType = sourcecode.swift; path = LikeButton.swift; sourceTree = "<group>"; };
		8449984525EADF2100830EBD /* CommentButton.swift */ = {isa = PBXFileReference; lastKnownFileType = sourcecode.swift; path = CommentButton.swift; sourceTree = "<group>"; };
		8449984825EADF3900830EBD /* ShareButton.swift */ = {isa = PBXFileReference; lastKnownFileType = sourcecode.swift; path = ShareButton.swift; sourceTree = "<group>"; };
		8449984B25EADF9500830EBD /* CountOfViews.swift */ = {isa = PBXFileReference; lastKnownFileType = sourcecode.swift; path = CountOfViews.swift; sourceTree = "<group>"; };
		844AAA7925A12B51009BB6BC /* CustomImageView.swift */ = {isa = PBXFileReference; lastKnownFileType = sourcecode.swift; path = CustomImageView.swift; sourceTree = "<group>"; };
		844DC748259D28A0007AC6F3 /* VK Client.app */ = {isa = PBXFileReference; explicitFileType = wrapper.application; includeInIndex = 0; path = "VK Client.app"; sourceTree = BUILT_PRODUCTS_DIR; };
		844DC74B259D28A0007AC6F3 /* AppDelegate.swift */ = {isa = PBXFileReference; lastKnownFileType = sourcecode.swift; path = AppDelegate.swift; sourceTree = "<group>"; };
		844DC74D259D28A0007AC6F3 /* SceneDelegate.swift */ = {isa = PBXFileReference; lastKnownFileType = sourcecode.swift; path = SceneDelegate.swift; sourceTree = "<group>"; };
		844DC752259D28A0007AC6F3 /* Base */ = {isa = PBXFileReference; lastKnownFileType = file.storyboard; name = Base; path = Base.lproj/Main.storyboard; sourceTree = "<group>"; };
		844DC754259D28A1007AC6F3 /* Assets.xcassets */ = {isa = PBXFileReference; lastKnownFileType = folder.assetcatalog; path = Assets.xcassets; sourceTree = "<group>"; };
		844DC757259D28A1007AC6F3 /* Base */ = {isa = PBXFileReference; lastKnownFileType = file.storyboard; name = Base; path = Base.lproj/LaunchScreen.storyboard; sourceTree = "<group>"; };
		844DC759259D28A1007AC6F3 /* Info.plist */ = {isa = PBXFileReference; lastKnownFileType = text.plist.xml; path = Info.plist; sourceTree = "<group>"; };
		8450C40225A24A50006D6B55 /* LikeButtom.swift */ = {isa = PBXFileReference; lastKnownFileType = sourcecode.swift; path = LikeButtom.swift; sourceTree = "<group>"; };
		84559AE625A0B93E00AA8E41 /* BarViewController.swift */ = {isa = PBXFileReference; lastKnownFileType = sourcecode.swift; path = BarViewController.swift; sourceTree = "<group>"; };
		84559AEA25A0BCA100AA8E41 /* UserCell.swift */ = {isa = PBXFileReference; lastKnownFileType = sourcecode.swift; path = UserCell.swift; sourceTree = "<group>"; };
		84559AED25A0BCB600AA8E41 /* GroupCell.swift */ = {isa = PBXFileReference; lastKnownFileType = sourcecode.swift; path = GroupCell.swift; sourceTree = "<group>"; };
		84559AF325A0BF4200AA8E41 /* FriendsViewController.swift */ = {isa = PBXFileReference; lastKnownFileType = sourcecode.swift; path = FriendsViewController.swift; sourceTree = "<group>"; };
		84559AF725A0BF8A00AA8E41 /* UserGroupViewController.swift */ = {isa = PBXFileReference; lastKnownFileType = sourcecode.swift; path = UserGroupViewController.swift; sourceTree = "<group>"; };
		84559AFA25A0BFC800AA8E41 /* AllGroupTableViewController.swift */ = {isa = PBXFileReference; lastKnownFileType = sourcecode.swift; path = AllGroupTableViewController.swift; sourceTree = "<group>"; };
		84559AFD25A0C00E00AA8E41 /* AllGroupViewCell.swift */ = {isa = PBXFileReference; lastKnownFileType = sourcecode.swift; path = AllGroupViewCell.swift; sourceTree = "<group>"; };
		84559B0125A0C0D300AA8E41 /* FriendCollectionViewController.swift */ = {isa = PBXFileReference; lastKnownFileType = sourcecode.swift; path = FriendCollectionViewController.swift; sourceTree = "<group>"; };
		84559B0425A0C0EC00AA8E41 /* FriendCollectionViewCell.swift */ = {isa = PBXFileReference; lastKnownFileType = sourcecode.swift; path = FriendCollectionViewCell.swift; sourceTree = "<group>"; };
		84C0423425E18F4D00ED8E0C /* Contact.swift */ = {isa = PBXFileReference; lastKnownFileType = sourcecode.swift; path = Contact.swift; sourceTree = "<group>"; };
		84C0423925E1C5D600ED8E0C /* NewsViewController.swift */ = {isa = PBXFileReference; lastKnownFileType = sourcecode.swift; path = NewsViewController.swift; sourceTree = "<group>"; };
		84C0423D25E1C5E800ED8E0C /* NewsViewCell.swift */ = {isa = PBXFileReference; lastKnownFileType = sourcecode.swift; path = NewsViewCell.swift; sourceTree = "<group>"; };
		84CE66F3259FD8FA003DACF0 /* LoginFormController.swift */ = {isa = PBXFileReference; fileEncoding = 4; lastKnownFileType = sourcecode.swift; path = LoginFormController.swift; sourceTree = "<group>"; };
		84CE66F7259FDAEF003DACF0 /* Login2.swift */ = {isa = PBXFileReference; fileEncoding = 4; lastKnownFileType = sourcecode.swift; path = Login2.swift; sourceTree = "<group>"; };
/* End PBXFileReference section */

/* Begin PBXFrameworksBuildPhase section */
		844DC745259D28A0007AC6F3 /* Frameworks */ = {
			isa = PBXFrameworksBuildPhase;
			buildActionMask = 2147483647;
			files = (
			);
			runOnlyForDeploymentPostprocessing = 0;
		};
/* End PBXFrameworksBuildPhase section */

/* Begin PBXGroup section */
		844DC73F259D28A0007AC6F3 = {
			isa = PBXGroup;
			children = (
				844DC74A259D28A0007AC6F3 /* VK Client */,
				844DC749259D28A0007AC6F3 /* Products */,
			);
			sourceTree = "<group>";
		};
		844DC749259D28A0007AC6F3 /* Products */ = {
			isa = PBXGroup;
			children = (
				844DC748259D28A0007AC6F3 /* VK Client.app */,
			);
			name = Products;
			sourceTree = "<group>";
		};
		844DC74A259D28A0007AC6F3 /* VK Client */ = {
			isa = PBXGroup;
			children = (
				84559AE925A0BC7800AA8E41 /* Model */,
				844DC74B259D28A0007AC6F3 /* AppDelegate.swift */,
				844DC74D259D28A0007AC6F3 /* SceneDelegate.swift */,
				844AAA7925A12B51009BB6BC /* CustomImageView.swift */,
				844DC751259D28A0007AC6F3 /* Main.storyboard */,
				8450C40225A24A50006D6B55 /* LikeButtom.swift */,
				84CE66F3259FD8FA003DACF0 /* LoginFormController.swift */,
				844DC754259D28A1007AC6F3 /* Assets.xcassets */,
				844DC756259D28A1007AC6F3 /* LaunchScreen.storyboard */,
				84559AE625A0B93E00AA8E41 /* BarViewController.swift */,
				844DC759259D28A1007AC6F3 /* Info.plist */,
				84CE66F7259FDAEF003DACF0 /* Login2.swift */,
			);
			path = "VK Client";
			sourceTree = "<group>";
		};
		84559AE925A0BC7800AA8E41 /* Model */ = {
			isa = PBXGroup;
			children = (
				84C0423825E1C5A600ED8E0C /* Buttons */,
				84C0423725E1C59900ED8E0C /* News */,
				84559AF225A0BF0B00AA8E41 /* Group */,
				84559AF025A0BEF500AA8E41 /* User */,
			);
			path = Model;
			sourceTree = "<group>";
		};
		84559AF025A0BEF500AA8E41 /* User */ = {
			isa = PBXGroup;
			children = (
				84559B0125A0C0D300AA8E41 /* FriendCollectionViewController.swift */,
				84559B0425A0C0EC00AA8E41 /* FriendCollectionViewCell.swift */,
				84559AEA25A0BCA100AA8E41 /* UserCell.swift */,
				84559AF325A0BF4200AA8E41 /* FriendsViewController.swift */,
				84C0423425E18F4D00ED8E0C /* Contact.swift */,
			);
			path = User;
			sourceTree = "<group>";
		};
		84559AF225A0BF0B00AA8E41 /* Group */ = {
			isa = PBXGroup;
			children = (
				84559AED25A0BCB600AA8E41 /* GroupCell.swift */,
				84559AFA25A0BFC800AA8E41 /* AllGroupTableViewController.swift */,
				84559AF725A0BF8A00AA8E41 /* UserGroupViewController.swift */,
				84559AFD25A0C00E00AA8E41 /* AllGroupViewCell.swift */,
			);
			path = Group;
			sourceTree = "<group>";
		};
		84C0423725E1C59900ED8E0C /* News */ = {
			isa = PBXGroup;
			children = (
				84C0423925E1C5D600ED8E0C /* NewsViewController.swift */,
				84C0423D25E1C5E800ED8E0C /* NewsViewCell.swift */,
			);
			path = News;
			sourceTree = "<group>";
		};
		84C0423825E1C5A600ED8E0C /* Buttons */ = {
			isa = PBXGroup;
			children = (
				84487AA625E7050E00C77B36 /* LikeButton.swift */,
				8449984525EADF2100830EBD /* CommentButton.swift */,
				8449984825EADF3900830EBD /* ShareButton.swift */,
				8449984B25EADF9500830EBD /* CountOfViews.swift */,
			);
			path = Buttons;
			sourceTree = "<group>";
		};
/* End PBXGroup section */

/* Begin PBXNativeTarget section */
		844DC747259D28A0007AC6F3 /* VK Client */ = {
			isa = PBXNativeTarget;
			buildConfigurationList = 844DC75C259D28A1007AC6F3 /* Build configuration list for PBXNativeTarget "VK Client" */;
			buildPhases = (
				844DC744259D28A0007AC6F3 /* Sources */,
				844DC745259D28A0007AC6F3 /* Frameworks */,
				844DC746259D28A0007AC6F3 /* Resources */,
			);
			buildRules = (
			);
			dependencies = (
			);
			name = "VK Client";
			productName = "VK Client";
			productReference = 844DC748259D28A0007AC6F3 /* VK Client.app */;
			productType = "com.apple.product-type.application";
		};
/* End PBXNativeTarget section */

/* Begin PBXProject section */
		844DC740259D28A0007AC6F3 /* Project object */ = {
			isa = PBXProject;
			attributes = {
				LastSwiftUpdateCheck = 1230;
				LastUpgradeCheck = 1230;
				TargetAttributes = {
					844DC747259D28A0007AC6F3 = {
						CreatedOnToolsVersion = 12.3;
					};
				};
			};
			buildConfigurationList = 844DC743259D28A0007AC6F3 /* Build configuration list for PBXProject "VK Client" */;
			compatibilityVersion = "Xcode 9.3";
			developmentRegion = en;
			hasScannedForEncodings = 0;
			knownRegions = (
				en,
				Base,
			);
			mainGroup = 844DC73F259D28A0007AC6F3;
			productRefGroup = 844DC749259D28A0007AC6F3 /* Products */;
			projectDirPath = "";
			projectRoot = "";
			targets = (
				844DC747259D28A0007AC6F3 /* VK Client */,
			);
		};
/* End PBXProject section */

/* Begin PBXResourcesBuildPhase section */
		844DC746259D28A0007AC6F3 /* Resources */ = {
			isa = PBXResourcesBuildPhase;
			buildActionMask = 2147483647;
			files = (
				844DC758259D28A1007AC6F3 /* LaunchScreen.storyboard in Resources */,
				844DC755259D28A1007AC6F3 /* Assets.xcassets in Resources */,
				844DC753259D28A0007AC6F3 /* Main.storyboard in Resources */,
			);
			runOnlyForDeploymentPostprocessing = 0;
		};
/* End PBXResourcesBuildPhase section */

/* Begin PBXSourcesBuildPhase section */
		844DC744259D28A0007AC6F3 /* Sources */ = {
			isa = PBXSourcesBuildPhase;
			buildActionMask = 2147483647;
			files = (
				8449984925EADF3900830EBD /* ShareButton.swift in Sources */,
				84559AFE25A0C00E00AA8E41 /* AllGroupViewCell.swift in Sources */,
				8449984625EADF2100830EBD /* CommentButton.swift in Sources */,
				84559AF425A0BF4200AA8E41 /* FriendsViewController.swift in Sources */,
				84559AEE25A0BCB600AA8E41 /* GroupCell.swift in Sources */,
				84C0423E25E1C5E800ED8E0C /* NewsViewCell.swift in Sources */,
				84487AA725E7050E00C77B36 /* LikeButton.swift in Sources */,
				844AAA7A25A12B51009BB6BC /* CustomImageView.swift in Sources */,
				84C0423525E18F4D00ED8E0C /* Contact.swift in Sources */,
				844DC74C259D28A0007AC6F3 /* AppDelegate.swift in Sources */,
				84559AE725A0B93E00AA8E41 /* BarViewController.swift in Sources */,
				84559AF825A0BF8A00AA8E41 /* UserGroupViewController.swift in Sources */,
				84559AEB25A0BCA100AA8E41 /* UserCell.swift in Sources */,
				8449984C25EADF9500830EBD /* CountOfViews.swift in Sources */,
				84CE66F4259FD8FA003DACF0 /* LoginFormController.swift in Sources */,
				84CE66F8259FDAEF003DACF0 /* Login2.swift in Sources */,
				844DC74E259D28A0007AC6F3 /* SceneDelegate.swift in Sources */,
				84C0423A25E1C5D600ED8E0C /* NewsViewController.swift in Sources */,
				84559B0225A0C0D300AA8E41 /* FriendCollectionViewController.swift in Sources */,
				84559AFB25A0BFC800AA8E41 /* AllGroupTableViewController.swift in Sources */,
				8450C40325A24A50006D6B55 /* LikeButtom.swift in Sources */,
				84559B0525A0C0EC00AA8E41 /* FriendCollectionViewCell.swift in Sources */,
			);
			runOnlyForDeploymentPostprocessing = 0;
		};
/* End PBXSourcesBuildPhase section */

/* Begin PBXVariantGroup section */
		844DC751259D28A0007AC6F3 /* Main.storyboard */ = {
			isa = PBXVariantGroup;
			children = (
				844DC752259D28A0007AC6F3 /* Base */,
			);
			name = Main.storyboard;
			sourceTree = "<group>";
		};
		844DC756259D28A1007AC6F3 /* LaunchScreen.storyboard */ = {
			isa = PBXVariantGroup;
			children = (
				844DC757259D28A1007AC6F3 /* Base */,
			);
			name = LaunchScreen.storyboard;
			sourceTree = "<group>";
		};
/* End PBXVariantGroup section */

/* Begin XCBuildConfiguration section */
		844DC75A259D28A1007AC6F3 /* Debug */ = {
			isa = XCBuildConfiguration;
			buildSettings = {
				ALWAYS_SEARCH_USER_PATHS = NO;
				CLANG_ANALYZER_NONNULL = YES;
				CLANG_ANALYZER_NUMBER_OBJECT_CONVERSION = YES_AGGRESSIVE;
				CLANG_CXX_LANGUAGE_STANDARD = "gnu++14";
				CLANG_CXX_LIBRARY = "libc++";
				CLANG_ENABLE_MODULES = YES;
				CLANG_ENABLE_OBJC_ARC = YES;
				CLANG_ENABLE_OBJC_WEAK = YES;
				CLANG_WARN_BLOCK_CAPTURE_AUTORELEASING = YES;
				CLANG_WARN_BOOL_CONVERSION = YES;
				CLANG_WARN_COMMA = YES;
				CLANG_WARN_CONSTANT_CONVERSION = YES;
				CLANG_WARN_DEPRECATED_OBJC_IMPLEMENTATIONS = YES;
				CLANG_WARN_DIRECT_OBJC_ISA_USAGE = YES_ERROR;
				CLANG_WARN_DOCUMENTATION_COMMENTS = YES;
				CLANG_WARN_EMPTY_BODY = YES;
				CLANG_WARN_ENUM_CONVERSION = YES;
				CLANG_WARN_INFINITE_RECURSION = YES;
				CLANG_WARN_INT_CONVERSION = YES;
				CLANG_WARN_NON_LITERAL_NULL_CONVERSION = YES;
				CLANG_WARN_OBJC_IMPLICIT_RETAIN_SELF = YES;
				CLANG_WARN_OBJC_LITERAL_CONVERSION = YES;
				CLANG_WARN_OBJC_ROOT_CLASS = YES_ERROR;
				CLANG_WARN_QUOTED_INCLUDE_IN_FRAMEWORK_HEADER = YES;
				CLANG_WARN_RANGE_LOOP_ANALYSIS = YES;
				CLANG_WARN_STRICT_PROTOTYPES = YES;
				CLANG_WARN_SUSPICIOUS_MOVE = YES;
				CLANG_WARN_UNGUARDED_AVAILABILITY = YES_AGGRESSIVE;
				CLANG_WARN_UNREACHABLE_CODE = YES;
				CLANG_WARN__DUPLICATE_METHOD_MATCH = YES;
				COPY_PHASE_STRIP = NO;
				DEBUG_INFORMATION_FORMAT = dwarf;
				ENABLE_STRICT_OBJC_MSGSEND = YES;
				ENABLE_TESTABILITY = YES;
				GCC_C_LANGUAGE_STANDARD = gnu11;
				GCC_DYNAMIC_NO_PIC = NO;
				GCC_NO_COMMON_BLOCKS = YES;
				GCC_OPTIMIZATION_LEVEL = 0;
				GCC_PREPROCESSOR_DEFINITIONS = (
					"DEBUG=1",
					"$(inherited)",
				);
				GCC_WARN_64_TO_32_BIT_CONVERSION = YES;
				GCC_WARN_ABOUT_RETURN_TYPE = YES_ERROR;
				GCC_WARN_UNDECLARED_SELECTOR = YES;
				GCC_WARN_UNINITIALIZED_AUTOS = YES_AGGRESSIVE;
				GCC_WARN_UNUSED_FUNCTION = YES;
				GCC_WARN_UNUSED_VARIABLE = YES;
				IPHONEOS_DEPLOYMENT_TARGET = 14.3;
				MTL_ENABLE_DEBUG_INFO = INCLUDE_SOURCE;
				MTL_FAST_MATH = YES;
				ONLY_ACTIVE_ARCH = YES;
				SDKROOT = iphoneos;
				SWIFT_ACTIVE_COMPILATION_CONDITIONS = DEBUG;
				SWIFT_OPTIMIZATION_LEVEL = "-Onone";
			};
			name = Debug;
		};
		844DC75B259D28A1007AC6F3 /* Release */ = {
			isa = XCBuildConfiguration;
			buildSettings = {
				ALWAYS_SEARCH_USER_PATHS = NO;
				CLANG_ANALYZER_NONNULL = YES;
				CLANG_ANALYZER_NUMBER_OBJECT_CONVERSION = YES_AGGRESSIVE;
				CLANG_CXX_LANGUAGE_STANDARD = "gnu++14";
				CLANG_CXX_LIBRARY = "libc++";
				CLANG_ENABLE_MODULES = YES;
				CLANG_ENABLE_OBJC_ARC = YES;
				CLANG_ENABLE_OBJC_WEAK = YES;
				CLANG_WARN_BLOCK_CAPTURE_AUTORELEASING = YES;
				CLANG_WARN_BOOL_CONVERSION = YES;
				CLANG_WARN_COMMA = YES;
				CLANG_WARN_CONSTANT_CONVERSION = YES;
				CLANG_WARN_DEPRECATED_OBJC_IMPLEMENTATIONS = YES;
				CLANG_WARN_DIRECT_OBJC_ISA_USAGE = YES_ERROR;
				CLANG_WARN_DOCUMENTATION_COMMENTS = YES;
				CLANG_WARN_EMPTY_BODY = YES;
				CLANG_WARN_ENUM_CONVERSION = YES;
				CLANG_WARN_INFINITE_RECURSION = YES;
				CLANG_WARN_INT_CONVERSION = YES;
				CLANG_WARN_NON_LITERAL_NULL_CONVERSION = YES;
				CLANG_WARN_OBJC_IMPLICIT_RETAIN_SELF = YES;
				CLANG_WARN_OBJC_LITERAL_CONVERSION = YES;
				CLANG_WARN_OBJC_ROOT_CLASS = YES_ERROR;
				CLANG_WARN_QUOTED_INCLUDE_IN_FRAMEWORK_HEADER = YES;
				CLANG_WARN_RANGE_LOOP_ANALYSIS = YES;
				CLANG_WARN_STRICT_PROTOTYPES = YES;
				CLANG_WARN_SUSPICIOUS_MOVE = YES;
				CLANG_WARN_UNGUARDED_AVAILABILITY = YES_AGGRESSIVE;
				CLANG_WARN_UNREACHABLE_CODE = YES;
				CLANG_WARN__DUPLICATE_METHOD_MATCH = YES;
				COPY_PHASE_STRIP = NO;
				DEBUG_INFORMATION_FORMAT = "dwarf-with-dsym";
				ENABLE_NS_ASSERTIONS = NO;
				ENABLE_STRICT_OBJC_MSGSEND = YES;
				GCC_C_LANGUAGE_STANDARD = gnu11;
				GCC_NO_COMMON_BLOCKS = YES;
				GCC_WARN_64_TO_32_BIT_CONVERSION = YES;
				GCC_WARN_ABOUT_RETURN_TYPE = YES_ERROR;
				GCC_WARN_UNDECLARED_SELECTOR = YES;
				GCC_WARN_UNINITIALIZED_AUTOS = YES_AGGRESSIVE;
				GCC_WARN_UNUSED_FUNCTION = YES;
				GCC_WARN_UNUSED_VARIABLE = YES;
				IPHONEOS_DEPLOYMENT_TARGET = 14.3;
				MTL_ENABLE_DEBUG_INFO = NO;
				MTL_FAST_MATH = YES;
				SDKROOT = iphoneos;
				SWIFT_COMPILATION_MODE = wholemodule;
				SWIFT_OPTIMIZATION_LEVEL = "-O";
				VALIDATE_PRODUCT = YES;
			};
			name = Release;
		};
		844DC75D259D28A1007AC6F3 /* Debug */ = {
			isa = XCBuildConfiguration;
			buildSettings = {
				ASSETCATALOG_COMPILER_APPICON_NAME = AppIcon;
				ASSETCATALOG_COMPILER_GLOBAL_ACCENT_COLOR_NAME = AccentColor;
				CODE_SIGN_STYLE = Automatic;
				DEVELOPMENT_TEAM = D6B2K8PUF6;
				INFOPLIST_FILE = "VK Client/Info.plist";
				LD_RUNPATH_SEARCH_PATHS = (
					"$(inherited)",
					"@executable_path/Frameworks",
				);
				PRODUCT_BUNDLE_IDENTIFIER = "RE.VK-Client";
				PRODUCT_NAME = "$(TARGET_NAME)";
				SWIFT_VERSION = 5.0;
				TARGETED_DEVICE_FAMILY = "1,2";
			};
			name = Debug;
		};
		844DC75E259D28A1007AC6F3 /* Release */ = {
			isa = XCBuildConfiguration;
			buildSettings = {
				ASSETCATALOG_COMPILER_APPICON_NAME = AppIcon;
				ASSETCATALOG_COMPILER_GLOBAL_ACCENT_COLOR_NAME = AccentColor;
				CODE_SIGN_STYLE = Automatic;
				DEVELOPMENT_TEAM = D6B2K8PUF6;
				INFOPLIST_FILE = "VK Client/Info.plist";
				LD_RUNPATH_SEARCH_PATHS = (
					"$(inherited)",
					"@executable_path/Frameworks",
				);
				PRODUCT_BUNDLE_IDENTIFIER = "RE.VK-Client";
				PRODUCT_NAME = "$(TARGET_NAME)";
				SWIFT_VERSION = 5.0;
				TARGETED_DEVICE_FAMILY = "1,2";
			};
			name = Release;
		};
/* End XCBuildConfiguration section */

/* Begin XCConfigurationList section */
		844DC743259D28A0007AC6F3 /* Build configuration list for PBXProject "VK Client" */ = {
			isa = XCConfigurationList;
			buildConfigurations = (
				844DC75A259D28A1007AC6F3 /* Debug */,
				844DC75B259D28A1007AC6F3 /* Release */,
			);
			defaultConfigurationIsVisible = 0;
			defaultConfigurationName = Release;
		};
		844DC75C259D28A1007AC6F3 /* Build configuration list for PBXNativeTarget "VK Client" */ = {
			isa = XCConfigurationList;
			buildConfigurations = (
				844DC75D259D28A1007AC6F3 /* Debug */,
				844DC75E259D28A1007AC6F3 /* Release */,
			);
			defaultConfigurationIsVisible = 0;
			defaultConfigurationName = Release;
		};
/* End XCConfigurationList section */
	};
	rootObject = 844DC740259D28A0007AC6F3 /* Project object */;
}
