// !$*UTF8*$!
{
	archiveVersion = 1;
	classes = {
	};
	objectVersion = 51;
	objects = {

/* Begin PBXBuildFile section */
		84487AA725E7050E00C77B36 /* LikeButton.swift in Sources */ = {isa = PBXBuildFile; fileRef = 84487AA625E7050E00C77B36 /* LikeButton.swift */; };
		8449984625EADF2100830EBD /* CommentButton.swift in Sources */ = {isa = PBXBuildFile; fileRef = 8449984525EADF2100830EBD /* CommentButton.swift */; };
		8449984925EADF3900830EBD /* ShareButton.swift in Sources */ = {isa = PBXBuildFile; fileRef = 8449984825EADF3900830EBD /* ShareButton.swift */; };
		8449984C25EADF9500830EBD /* CountOfViews.swift in Sources */ = {isa = PBXBuildFile; fileRef = 8449984B25EADF9500830EBD /* CountOfViews.swift */; };
		844AAA7A25A12B51009BB6BC /* CustomImageView.swift in Sources */ = {isa = PBXBuildFile; fileRef = 844AAA7925A12B51009BB6BC /* CustomImageView.swift */; };
		844DC74C259D28A0007AC6F3 /* AppDelegate.swift in Sources */ = {isa = PBXBuildFile; fileRef = 844DC74B259D28A0007AC6F3 /* AppDelegate.swift */; };
		844DC74E259D28A0007AC6F3 /* SceneDelegate.swift in Sources */ = {isa = PBXBuildFile; fileRef = 844DC74D259D28A0007AC6F3 /* SceneDelegate.swift */; };
		844DC753259D28A0007AC6F3 /* Main.storyboard in Resources */ = {isa = PBXBuildFile; fileRef = 844DC751259D28A0007AC6F3 /* Main.storyboard */; };
		844DC755259D28A1007AC6F3 /* Assets.xcassets in Resources */ = {isa = PBXBuildFile; fileRef = 844DC754259D28A1007AC6F3 /* Assets.xcassets */; };
		844DC758259D28A1007AC6F3 /* LaunchScreen.storyboard in Resources */ = {isa = PBXBuildFile; fileRef = 844DC756259D28A1007AC6F3 /* LaunchScreen.storyboard */; };
		8450C40325A24A50006D6B55 /* LikeButtom.swift in Sources */ = {isa = PBXBuildFile; fileRef = 8450C40225A24A50006D6B55 /* LikeButtom.swift */; };
		84559AE725A0B93E00AA8E41 /* BarViewController.swift in Sources */ = {isa = PBXBuildFile; fileRef = 84559AE625A0B93E00AA8E41 /* BarViewController.swift */; };
		84559AEB25A0BCA100AA8E41 /* UserCell.swift in Sources */ = {isa = PBXBuildFile; fileRef = 84559AEA25A0BCA100AA8E41 /* UserCell.swift */; };
		84559AEE25A0BCB600AA8E41 /* GroupCell.swift in Sources */ = {isa = PBXBuildFile; fileRef = 84559AED25A0BCB600AA8E41 /* GroupCell.swift */; };
		84559AF425A0BF4200AA8E41 /* FriendsViewController.swift in Sources */ = {isa = PBXBuildFile; fileRef = 84559AF325A0BF4200AA8E41 /* FriendsViewController.swift */; };
		84559AF825A0BF8A00AA8E41 /* UserGroupViewController.swift in Sources */ = {isa = PBXBuildFile; fileRef = 84559AF725A0BF8A00AA8E41 /* UserGroupViewController.swift */; };
		84559AFB25A0BFC800AA8E41 /* AllGroupTableViewController.swift in Sources */ = {isa = PBXBuildFile; fileRef = 84559AFA25A0BFC800AA8E41 /* AllGroupTableViewController.swift */; };
		84559AFE25A0C00E00AA8E41 /* AllGroupViewCell.swift in Sources */ = {isa = PBXBuildFile; fileRef = 84559AFD25A0C00E00AA8E41 /* AllGroupViewCell.swift */; };
		84559B0225A0C0D300AA8E41 /* FriendCollectionViewController.swift in Sources */ = {isa = PBXBuildFile; fileRef = 84559B0125A0C0D300AA8E41 /* FriendCollectionViewController.swift */; };
		84559B0525A0C0EC00AA8E41 /* FriendCollectionViewCell.swift in Sources */ = {isa = PBXBuildFile; fileRef = 84559B0425A0C0EC00AA8E41 /* FriendCollectionViewCell.swift */; };
		84C0423525E18F4D00ED8E0C /* Contact.swift in Sources */ = {isa = PBXBuildFile; fileRef = 84C0423425E18F4D00ED8E0C /* Contact.swift */; };
		84C0423A25E1C5D600ED8E0C /* NewsViewController.swift in Sources */ = {isa = PBXBuildFile; fileRef = 84C0423925E1C5D600ED8E0C /* NewsViewController.swift */; };
		84C0423E25E1C5E800ED8E0C /* NewsViewCell.swift in Sources */ = {isa = PBXBuildFile; fileRef = 84C0423D25E1C5E800ED8E0C /* NewsViewCell.swift */; };
		84CE66F4259FD8FA003DACF0 /* LoginFormController.swift in Sources */ = {isa = PBXBuildFile; fileRef = 84CE66F3259FD8FA003DACF0 /* LoginFormController.swift */; };
		84CE66F8259FDAEF003DACF0 /* Login2.swift in Sources */ = {isa = PBXBuildFile; fileRef = 84CE66F7259FDAEF003DACF0 /* Login2.swift */; };
		AA0102A026FCF5A9006CE9A2 /* RequestToAPI.swift in Sources */ = {isa = PBXBuildFile; fileRef = AA01029F26FCF5A9006CE9A2 /* RequestToAPI.swift */; };
		AA0102C027038DFF006CE9A2 /* User.swift in Sources */ = {isa = PBXBuildFile; fileRef = AA0102BF27038DFF006CE9A2 /* User.swift */; };
		AA0102C327038E16006CE9A2 /* Photo.swift in Sources */ = {isa = PBXBuildFile; fileRef = AA0102C227038E16006CE9A2 /* Photo.swift */; };
		AA0102C627038E3B006CE9A2 /* Group.swift in Sources */ = {isa = PBXBuildFile; fileRef = AA0102C527038E3B006CE9A2 /* Group.swift */; };
		AA01037C27122920006CE9A2 /* TestViewController.swift in Sources */ = {isa = PBXBuildFile; fileRef = AA01037B27122920006CE9A2 /* TestViewController.swift */; };
		AA56FBE126658752008DDB0C /* CustomImageViewWithSlideAnimate.swift in Sources */ = {isa = PBXBuildFile; fileRef = AA56FBE026658752008DDB0C /* CustomImageViewWithSlideAnimate.swift */; };
		AA7ECA7927123FF500349B73 /* NetworkFriendResponce.swift in Sources */ = {isa = PBXBuildFile; fileRef = AA7ECA7827123FF500349B73 /* NetworkFriendResponce.swift */; };
		AA7ECA822712415E00349B73 /* Friend.swift in Sources */ = {isa = PBXBuildFile; fileRef = AA7ECA812712415E00349B73 /* Friend.swift */; };
		AA7ECA882712440400349B73 /* NetworkResponce .swift in Sources */ = {isa = PBXBuildFile; fileRef = AA7ECA872712440400349B73 /* NetworkResponce .swift */; };
		AAC726C026B5C8480083B4B9 /* SessionSingleton.swift in Sources */ = {isa = PBXBuildFile; fileRef = AAC726BF26B5C8480083B4B9 /* SessionSingleton.swift */; };
		AAC726CC26B5DAEE0083B4B9 /* WebLoginViewController.swift in Sources */ = {isa = PBXBuildFile; fileRef = AAC726CB26B5DAEE0083B4B9 /* WebLoginViewController.swift */; };
		AAC83E5125FA524C005938E0 /* LoadingView.swift in Sources */ = {isa = PBXBuildFile; fileRef = AAC83E5025FA524C005938E0 /* LoadingView.swift */; };
		AAD9F86F26B02BEF00060E33 /* CustomPushAnimator.swift in Sources */ = {isa = PBXBuildFile; fileRef = AAD9F86E26B02BEF00060E33 /* CustomPushAnimator.swift */; };
		AAD9F87326B02C0C00060E33 /* CustomPopAnimator.swift in Sources */ = {isa = PBXBuildFile; fileRef = AAD9F87226B02C0C00060E33 /* CustomPopAnimator.swift */; };
		AAD9F87626B02C2C00060E33 /* CustomNavigationController.swift in Sources */ = {isa = PBXBuildFile; fileRef = AAD9F87526B02C2C00060E33 /* CustomNavigationController.swift */; };
		AAD9F87926B02C4700060E33 /* CustomInteractiveTransition.swift in Sources */ = {isa = PBXBuildFile; fileRef = AAD9F87826B02C4700060E33 /* CustomInteractiveTransition.swift */; };
		E454BB5005527587DEB0DEF4 /* Pods_VK_Client.framework in Frameworks */ = {isa = PBXBuildFile; fileRef = E1F27FFFFC9D19D34B5185BA /* Pods_VK_Client.framework */; };
/* End PBXBuildFile section */

/* Begin PBXFileReference section */
		68FD9567759A5A607C505B4B /* Pods-VK Client.release.xcconfig */ = {isa = PBXFileReference; includeInIndex = 1; lastKnownFileType = text.xcconfig; name = "Pods-VK Client.release.xcconfig"; path = "Target Support Files/Pods-VK Client/Pods-VK Client.release.xcconfig"; sourceTree = "<group>"; };
		84487AA625E7050E00C77B36 /* LikeButton.swift */ = {isa = PBXFileReference; lastKnownFileType = sourcecode.swift; path = LikeButton.swift; sourceTree = "<group>"; };
		8449984525EADF2100830EBD /* CommentButton.swift */ = {isa = PBXFileReference; lastKnownFileType = sourcecode.swift; path = CommentButton.swift; sourceTree = "<group>"; };
		8449984825EADF3900830EBD /* ShareButton.swift */ = {isa = PBXFileReference; lastKnownFileType = sourcecode.swift; path = ShareButton.swift; sourceTree = "<group>"; };
		8449984B25EADF9500830EBD /* CountOfViews.swift */ = {isa = PBXFileReference; lastKnownFileType = sourcecode.swift; path = CountOfViews.swift; sourceTree = "<group>"; };
		844AAA7925A12B51009BB6BC /* CustomImageView.swift */ = {isa = PBXFileReference; lastKnownFileType = sourcecode.swift; path = CustomImageView.swift; sourceTree = "<group>"; };
		844DC748259D28A0007AC6F3 /* VK Client.app */ = {isa = PBXFileReference; explicitFileType = wrapper.application; includeInIndex = 0; path = "VK Client.app"; sourceTree = BUILT_PRODUCTS_DIR; };
		844DC74B259D28A0007AC6F3 /* AppDelegate.swift */ = {isa = PBXFileReference; lastKnownFileType = sourcecode.swift; path = AppDelegate.swift; sourceTree = "<group>"; };
		844DC74D259D28A0007AC6F3 /* SceneDelegate.swift */ = {isa = PBXFileReference; lastKnownFileType = sourcecode.swift; path = SceneDelegate.swift; sourceTree = "<group>"; };
		844DC752259D28A0007AC6F3 /* Base */ = {isa = PBXFileReference; lastKnownFileType = file.storyboard; name = Base; path = Base.lproj/Main.storyboard; sourceTree = "<group>"; };
		844DC754259D28A1007AC6F3 /* Assets.xcassets */ = {isa = PBXFileReference; lastKnownFileType = folder.assetcatalog; path = Assets.xcassets; sourceTree = "<group>"; };
		844DC757259D28A1007AC6F3 /* Base */ = {isa = PBXFileReference; lastKnownFileType = file.storyboard; name = Base; path = Base.lproj/LaunchScreen.storyboard; sourceTree = "<group>"; };
		844DC759259D28A1007AC6F3 /* Info.plist */ = {isa = PBXFileReference; lastKnownFileType = text.plist.xml; path = Info.plist; sourceTree = "<group>"; };
		8450C40225A24A50006D6B55 /* LikeButtom.swift */ = {isa = PBXFileReference; lastKnownFileType = sourcecode.swift; path = LikeButtom.swift; sourceTree = "<group>"; };
		84559AE625A0B93E00AA8E41 /* BarViewController.swift */ = {isa = PBXFileReference; lastKnownFileType = sourcecode.swift; path = BarViewController.swift; sourceTree = "<group>"; };
		84559AEA25A0BCA100AA8E41 /* UserCell.swift */ = {isa = PBXFileReference; lastKnownFileType = sourcecode.swift; path = UserCell.swift; sourceTree = "<group>"; };
		84559AED25A0BCB600AA8E41 /* GroupCell.swift */ = {isa = PBXFileReference; lastKnownFileType = sourcecode.swift; path = GroupCell.swift; sourceTree = "<group>"; };
		84559AF325A0BF4200AA8E41 /* FriendsViewController.swift */ = {isa = PBXFileReference; lastKnownFileType = sourcecode.swift; path = FriendsViewController.swift; sourceTree = "<group>"; };
		84559AF725A0BF8A00AA8E41 /* UserGroupViewController.swift */ = {isa = PBXFileReference; lastKnownFileType = sourcecode.swift; path = UserGroupViewController.swift; sourceTree = "<group>"; };
		84559AFA25A0BFC800AA8E41 /* AllGroupTableViewController.swift */ = {isa = PBXFileReference; lastKnownFileType = sourcecode.swift; path = AllGroupTableViewController.swift; sourceTree = "<group>"; };
		84559AFD25A0C00E00AA8E41 /* AllGroupViewCell.swift */ = {isa = PBXFileReference; lastKnownFileType = sourcecode.swift; path = AllGroupViewCell.swift; sourceTree = "<group>"; };
		84559B0125A0C0D300AA8E41 /* FriendCollectionViewController.swift */ = {isa = PBXFileReference; lastKnownFileType = sourcecode.swift; path = FriendCollectionViewController.swift; sourceTree = "<group>"; };
		84559B0425A0C0EC00AA8E41 /* FriendCollectionViewCell.swift */ = {isa = PBXFileReference; lastKnownFileType = sourcecode.swift; path = FriendCollectionViewCell.swift; sourceTree = "<group>"; };
		84C0423425E18F4D00ED8E0C /* Contact.swift */ = {isa = PBXFileReference; lastKnownFileType = sourcecode.swift; path = Contact.swift; sourceTree = "<group>"; };
		84C0423925E1C5D600ED8E0C /* NewsViewController.swift */ = {isa = PBXFileReference; lastKnownFileType = sourcecode.swift; path = NewsViewController.swift; sourceTree = "<group>"; };
		84C0423D25E1C5E800ED8E0C /* NewsViewCell.swift */ = {isa = PBXFileReference; lastKnownFileType = sourcecode.swift; path = NewsViewCell.swift; sourceTree = "<group>"; };
		84CE66F3259FD8FA003DACF0 /* LoginFormController.swift */ = {isa = PBXFileReference; fileEncoding = 4; lastKnownFileType = sourcecode.swift; path = LoginFormController.swift; sourceTree = "<group>"; };
		84CE66F7259FDAEF003DACF0 /* Login2.swift */ = {isa = PBXFileReference; fileEncoding = 4; lastKnownFileType = sourcecode.swift; path = Login2.swift; sourceTree = "<group>"; };
		AA01029F26FCF5A9006CE9A2 /* RequestToAPI.swift */ = {isa = PBXFileReference; lastKnownFileType = sourcecode.swift; path = RequestToAPI.swift; sourceTree = "<group>"; };
		AA0102BF27038DFF006CE9A2 /* User.swift */ = {isa = PBXFileReference; lastKnownFileType = sourcecode.swift; path = User.swift; sourceTree = "<group>"; };
		AA0102C227038E16006CE9A2 /* Photo.swift */ = {isa = PBXFileReference; lastKnownFileType = sourcecode.swift; path = Photo.swift; sourceTree = "<group>"; };
		AA0102C527038E3B006CE9A2 /* Group.swift */ = {isa = PBXFileReference; lastKnownFileType = sourcecode.swift; path = Group.swift; sourceTree = "<group>"; };
		AA01037B27122920006CE9A2 /* TestViewController.swift */ = {isa = PBXFileReference; lastKnownFileType = sourcecode.swift; path = TestViewController.swift; sourceTree = "<group>"; };
		AA56FBE026658752008DDB0C /* CustomImageViewWithSlideAnimate.swift */ = {isa = PBXFileReference; lastKnownFileType = sourcecode.swift; path = CustomImageViewWithSlideAnimate.swift; sourceTree = "<group>"; };
		AA7ECA7827123FF500349B73 /* NetworkFriendResponce.swift */ = {isa = PBXFileReference; lastKnownFileType = sourcecode.swift; path = NetworkFriendResponce.swift; sourceTree = "<group>"; };
		AA7ECA812712415E00349B73 /* Friend.swift */ = {isa = PBXFileReference; lastKnownFileType = sourcecode.swift; path = Friend.swift; sourceTree = "<group>"; };
		AA7ECA872712440400349B73 /* NetworkResponce .swift */ = {isa = PBXFileReference; lastKnownFileType = sourcecode.swift; path = "NetworkResponce .swift"; sourceTree = "<group>"; };
		AAC726BF26B5C8480083B4B9 /* SessionSingleton.swift */ = {isa = PBXFileReference; lastKnownFileType = sourcecode.swift; path = SessionSingleton.swift; sourceTree = "<group>"; };
		AAC726CB26B5DAEE0083B4B9 /* WebLoginViewController.swift */ = {isa = PBXFileReference; lastKnownFileType = sourcecode.swift; path = WebLoginViewController.swift; sourceTree = "<group>"; };
		AAC83E5025FA524C005938E0 /* LoadingView.swift */ = {isa = PBXFileReference; lastKnownFileType = sourcecode.swift; path = LoadingView.swift; sourceTree = "<group>"; };
		AAD9F86E26B02BEF00060E33 /* CustomPushAnimator.swift */ = {isa = PBXFileReference; lastKnownFileType = sourcecode.swift; path = CustomPushAnimator.swift; sourceTree = "<group>"; };
		AAD9F87226B02C0C00060E33 /* CustomPopAnimator.swift */ = {isa = PBXFileReference; lastKnownFileType = sourcecode.swift; path = CustomPopAnimator.swift; sourceTree = "<group>"; };
		AAD9F87526B02C2C00060E33 /* CustomNavigationController.swift */ = {isa = PBXFileReference; lastKnownFileType = sourcecode.swift; path = CustomNavigationController.swift; sourceTree = "<group>"; };
		AAD9F87826B02C4700060E33 /* CustomInteractiveTransition.swift */ = {isa = PBXFileReference; lastKnownFileType = sourcecode.swift; path = CustomInteractiveTransition.swift; sourceTree = "<group>"; };
		E1F27FFFFC9D19D34B5185BA /* Pods_VK_Client.framework */ = {isa = PBXFileReference; explicitFileType = wrapper.framework; includeInIndex = 0; path = Pods_VK_Client.framework; sourceTree = BUILT_PRODUCTS_DIR; };
		E5E55E6451E54BD6C2922F83 /* Pods-VK Client.debug.xcconfig */ = {isa = PBXFileReference; includeInIndex = 1; lastKnownFileType = text.xcconfig; name = "Pods-VK Client.debug.xcconfig"; path = "Target Support Files/Pods-VK Client/Pods-VK Client.debug.xcconfig"; sourceTree = "<group>"; };
/* End PBXFileReference section */

/* Begin PBXFrameworksBuildPhase section */
		844DC745259D28A0007AC6F3 /* Frameworks */ = {
			isa = PBXFrameworksBuildPhase;
			buildActionMask = 2147483647;
			files = (
				E454BB5005527587DEB0DEF4 /* Pods_VK_Client.framework in Frameworks */,
			);
			runOnlyForDeploymentPostprocessing = 0;
		};
/* End PBXFrameworksBuildPhase section */

/* Begin PBXGroup section */
		2CF89237FD91F67150F00D61 /* Pods */ = {
			isa = PBXGroup;
			children = (
				E5E55E6451E54BD6C2922F83 /* Pods-VK Client.debug.xcconfig */,
				68FD9567759A5A607C505B4B /* Pods-VK Client.release.xcconfig */,
			);
			path = Pods;
			sourceTree = "<group>";
		};
		844DC73F259D28A0007AC6F3 = {
			isa = PBXGroup;
			children = (
				844DC74A259D28A0007AC6F3 /* VK Client */,
				844DC749259D28A0007AC6F3 /* Products */,
				2CF89237FD91F67150F00D61 /* Pods */,
				862D20F103C2DB241159C1D7 /* Frameworks */,
			);
			sourceTree = "<group>";
		};
		844DC749259D28A0007AC6F3 /* Products */ = {
			isa = PBXGroup;
			children = (
				844DC748259D28A0007AC6F3 /* VK Client.app */,
			);
			name = Products;
			sourceTree = "<group>";
		};
		844DC74A259D28A0007AC6F3 /* VK Client */ = {
			isa = PBXGroup;
			children = (
				AA01038327123226006CE9A2 /* CustomViews */,
				AA01037F271231F1006CE9A2 /* ViewControllers */,
				AA01037E271231D4006CE9A2 /* Network */,
				84559AE925A0BC7800AA8E41 /* Model */,
				AAD9F86D26B02B7A00060E33 /* CustomAnimateTransitioning */,
				AA01038027123209006CE9A2 /* OtherStuff */,
				844DC759259D28A1007AC6F3 /* Info.plist */,
			);
			path = "VK Client";
			sourceTree = "<group>";
		};
		84559AE925A0BC7800AA8E41 /* Model */ = {
			isa = PBXGroup;
			children = (
				AA0102BE27038DED006CE9A2 /* DataModels */,
				84C0423825E1C5A600ED8E0C /* Buttons */,
				84C0423725E1C59900ED8E0C /* News */,
				84559AF225A0BF0B00AA8E41 /* Group */,
				84559AF025A0BEF500AA8E41 /* User */,
			);
			path = Model;
			sourceTree = "<group>";
		};
		84559AF025A0BEF500AA8E41 /* User */ = {
			isa = PBXGroup;
			children = (
				84559B0125A0C0D300AA8E41 /* FriendCollectionViewController.swift */,
				84559B0425A0C0EC00AA8E41 /* FriendCollectionViewCell.swift */,
				84559AEA25A0BCA100AA8E41 /* UserCell.swift */,
				84559AF325A0BF4200AA8E41 /* FriendsViewController.swift */,
				84C0423425E18F4D00ED8E0C /* Contact.swift */,
			);
			path = User;
			sourceTree = "<group>";
		};
		84559AF225A0BF0B00AA8E41 /* Group */ = {
			isa = PBXGroup;
			children = (
				84559AED25A0BCB600AA8E41 /* GroupCell.swift */,
				84559AFA25A0BFC800AA8E41 /* AllGroupTableViewController.swift */,
				84559AF725A0BF8A00AA8E41 /* UserGroupViewController.swift */,
				84559AFD25A0C00E00AA8E41 /* AllGroupViewCell.swift */,
			);
			path = Group;
			sourceTree = "<group>";
		};
		84C0423725E1C59900ED8E0C /* News */ = {
			isa = PBXGroup;
			children = (
				84C0423925E1C5D600ED8E0C /* NewsViewController.swift */,
				84C0423D25E1C5E800ED8E0C /* NewsViewCell.swift */,
			);
			path = News;
			sourceTree = "<group>";
		};
		84C0423825E1C5A600ED8E0C /* Buttons */ = {
			isa = PBXGroup;
			children = (
				84487AA625E7050E00C77B36 /* LikeButton.swift */,
				8449984525EADF2100830EBD /* CommentButton.swift */,
				8449984825EADF3900830EBD /* ShareButton.swift */,
				8449984B25EADF9500830EBD /* CountOfViews.swift */,
			);
			path = Buttons;
			sourceTree = "<group>";
		};
		862D20F103C2DB241159C1D7 /* Frameworks */ = {
			isa = PBXGroup;
			children = (
				E1F27FFFFC9D19D34B5185BA /* Pods_VK_Client.framework */,
			);
			name = Frameworks;
			sourceTree = "<group>";
		};
		AA0102BE27038DED006CE9A2 /* DataModels */ = {
			isa = PBXGroup;
			children = (
				AA0102BF27038DFF006CE9A2 /* User.swift */,
				AA0102C227038E16006CE9A2 /* Photo.swift */,
				AA0102C527038E3B006CE9A2 /* Group.swift */,
				AA7ECA872712440400349B73 /* NetworkResponce .swift */,
				AA7ECA7827123FF500349B73 /* NetworkFriendResponce.swift */,
				AA7ECA812712415E00349B73 /* Friend.swift */,
			);
			path = DataModels;
			sourceTree = "<group>";
		};
		AA01037E271231D4006CE9A2 /* Network */ = {
			isa = PBXGroup;
			children = (
				AA01029F26FCF5A9006CE9A2 /* RequestToAPI.swift */,
			);
			path = Network;
			sourceTree = "<group>";
		};
		AA01037F271231F1006CE9A2 /* ViewControllers */ = {
			isa = PBXGroup;
			children = (
				84CE66F7259FDAEF003DACF0 /* Login2.swift */,
				84CE66F3259FD8FA003DACF0 /* LoginFormController.swift */,
				84559AE625A0B93E00AA8E41 /* BarViewController.swift */,
				AAC726CB26B5DAEE0083B4B9 /* WebLoginViewController.swift */,
				AA01037B27122920006CE9A2 /* TestViewController.swift */,
			);
			path = ViewControllers;
			sourceTree = "<group>";
		};
		AA01038027123209006CE9A2 /* OtherStuff */ = {
			isa = PBXGroup;
			children = (
				844DC74D259D28A0007AC6F3 /* SceneDelegate.swift */,
				844DC74B259D28A0007AC6F3 /* AppDelegate.swift */,
				844DC756259D28A1007AC6F3 /* LaunchScreen.storyboard */,
				844DC751259D28A0007AC6F3 /* Main.storyboard */,
				844DC754259D28A1007AC6F3 /* Assets.xcassets */,
				AAC726BF26B5C8480083B4B9 /* SessionSingleton.swift */,
			);
			path = OtherStuff;
			sourceTree = "<group>";
		};
		AA01038327123226006CE9A2 /* CustomViews */ = {
			isa = PBXGroup;
			children = (
				844AAA7925A12B51009BB6BC /* CustomImageView.swift */,
				AA56FBE026658752008DDB0C /* CustomImageViewWithSlideAnimate.swift */,
				8450C40225A24A50006D6B55 /* LikeButtom.swift */,
				AAC83E5025FA524C005938E0 /* LoadingView.swift */,
			);
			path = CustomViews;
			sourceTree = "<group>";
		};
		AAD9F86D26B02B7A00060E33 /* CustomAnimateTransitioning */ = {
			isa = PBXGroup;
			children = (
				AAD9F86E26B02BEF00060E33 /* CustomPushAnimator.swift */,
				AAD9F87226B02C0C00060E33 /* CustomPopAnimator.swift */,
				AAD9F87526B02C2C00060E33 /* CustomNavigationController.swift */,
				AAD9F87826B02C4700060E33 /* CustomInteractiveTransition.swift */,
			);
			path = CustomAnimateTransitioning;
			sourceTree = "<group>";
		};
/* End PBXGroup section */

/* Begin PBXNativeTarget section */
		844DC747259D28A0007AC6F3 /* VK Client */ = {
			isa = PBXNativeTarget;
			buildConfigurationList = 844DC75C259D28A1007AC6F3 /* Build configuration list for PBXNativeTarget "VK Client" */;
			buildPhases = (
				BA075673B473BF4BD2D08642 /* [CP] Check Pods Manifest.lock */,
				844DC744259D28A0007AC6F3 /* Sources */,
				844DC745259D28A0007AC6F3 /* Frameworks */,
				844DC746259D28A0007AC6F3 /* Resources */,
				87D2B68F88266679B02DC3F2 /* [CP] Embed Pods Frameworks */,
			);
			buildRules = (
			);
			dependencies = (
			);
			name = "VK Client";
			productName = "VK Client";
			productReference = 844DC748259D28A0007AC6F3 /* VK Client.app */;
			productType = "com.apple.product-type.application";
		};
/* End PBXNativeTarget section */

/* Begin PBXProject section */
		844DC740259D28A0007AC6F3 /* Project object */ = {
			isa = PBXProject;
			attributes = {
				LastSwiftUpdateCheck = 1230;
				LastUpgradeCheck = 1230;
				TargetAttributes = {
					844DC747259D28A0007AC6F3 = {
						CreatedOnToolsVersion = 12.3;
					};
				};
			};
			buildConfigurationList = 844DC743259D28A0007AC6F3 /* Build configuration list for PBXProject "VK Client" */;
			compatibilityVersion = "Xcode 9.3";
			developmentRegion = en;
			hasScannedForEncodings = 0;
			knownRegions = (
				en,
				Base,
			);
			mainGroup = 844DC73F259D28A0007AC6F3;
			productRefGroup = 844DC749259D28A0007AC6F3 /* Products */;
			projectDirPath = "";
			projectRoot = "";
			targets = (
				844DC747259D28A0007AC6F3 /* VK Client */,
			);
		};
/* End PBXProject section */

/* Begin PBXResourcesBuildPhase section */
		844DC746259D28A0007AC6F3 /* Resources */ = {
			isa = PBXResourcesBuildPhase;
			buildActionMask = 2147483647;
			files = (
				844DC758259D28A1007AC6F3 /* LaunchScreen.storyboard in Resources */,
				844DC755259D28A1007AC6F3 /* Assets.xcassets in Resources */,
				844DC753259D28A0007AC6F3 /* Main.storyboard in Resources */,
			);
			runOnlyForDeploymentPostprocessing = 0;
		};
/* End PBXResourcesBuildPhase section */

/* Begin PBXShellScriptBuildPhase section */
		87D2B68F88266679B02DC3F2 /* [CP] Embed Pods Frameworks */ = {
			isa = PBXShellScriptBuildPhase;
			buildActionMask = 2147483647;
			files = (
			);
			inputFileListPaths = (
				"${PODS_ROOT}/Target Support Files/Pods-VK Client/Pods-VK Client-frameworks-${CONFIGURATION}-input-files.xcfilelist",
			);
			name = "[CP] Embed Pods Frameworks";
			outputFileListPaths = (
				"${PODS_ROOT}/Target Support Files/Pods-VK Client/Pods-VK Client-frameworks-${CONFIGURATION}-output-files.xcfilelist",
			);
			runOnlyForDeploymentPostprocessing = 0;
			shellPath = /bin/sh;
			shellScript = "\"${PODS_ROOT}/Target Support Files/Pods-VK Client/Pods-VK Client-frameworks.sh\"\n";
			showEnvVarsInLog = 0;
		};
		BA075673B473BF4BD2D08642 /* [CP] Check Pods Manifest.lock */ = {
			isa = PBXShellScriptBuildPhase;
			buildActionMask = 2147483647;
			files = (
			);
			inputFileListPaths = (
			);
			inputPaths = (
				"${PODS_PODFILE_DIR_PATH}/Podfile.lock",
				"${PODS_ROOT}/Manifest.lock",
			);
			name = "[CP] Check Pods Manifest.lock";
			outputFileListPaths = (
			);
			outputPaths = (
				"$(DERIVED_FILE_DIR)/Pods-VK Client-checkManifestLockResult.txt",
			);
			runOnlyForDeploymentPostprocessing = 0;
			shellPath = /bin/sh;
			shellScript = "diff \"${PODS_PODFILE_DIR_PATH}/Podfile.lock\" \"${PODS_ROOT}/Manifest.lock\" > /dev/null\nif [ $? != 0 ] ; then\n    # print error to STDERR\n    echo \"error: The sandbox is not in sync with the Podfile.lock. Run 'pod install' or update your CocoaPods installation.\" >&2\n    exit 1\nfi\n# This output is used by Xcode 'outputs' to avoid re-running this script phase.\necho \"SUCCESS\" > \"${SCRIPT_OUTPUT_FILE_0}\"\n";
			showEnvVarsInLog = 0;
		};
/* End PBXShellScriptBuildPhase section */

/* Begin PBXSourcesBuildPhase section */
		844DC744259D28A0007AC6F3 /* Sources */ = {
			isa = PBXSourcesBuildPhase;
			buildActionMask = 2147483647;
			files = (
				AA01037C27122920006CE9A2 /* TestViewController.swift in Sources */,
				8449984925EADF3900830EBD /* ShareButton.swift in Sources */,
				AA0102C627038E3B006CE9A2 /* Group.swift in Sources */,
				84559AFE25A0C00E00AA8E41 /* AllGroupViewCell.swift in Sources */,
				8449984625EADF2100830EBD /* CommentButton.swift in Sources */,
				84559AF425A0BF4200AA8E41 /* FriendsViewController.swift in Sources */,
				AA0102C027038DFF006CE9A2 /* User.swift in Sources */,
				84559AEE25A0BCB600AA8E41 /* GroupCell.swift in Sources */,
				84C0423E25E1C5E800ED8E0C /* NewsViewCell.swift in Sources */,
				84487AA725E7050E00C77B36 /* LikeButton.swift in Sources */,
				AAC726C026B5C8480083B4B9 /* SessionSingleton.swift in Sources */,
				844AAA7A25A12B51009BB6BC /* CustomImageView.swift in Sources */,
				84C0423525E18F4D00ED8E0C /* Contact.swift in Sources */,
				AA7ECA7927123FF500349B73 /* NetworkFriendResponce.swift in Sources */,
				844DC74C259D28A0007AC6F3 /* AppDelegate.swift in Sources */,
				84559AE725A0B93E00AA8E41 /* BarViewController.swift in Sources */,
				84559AF825A0BF8A00AA8E41 /* UserGroupViewController.swift in Sources */,
				AAD9F87626B02C2C00060E33 /* CustomNavigationController.swift in Sources */,
				84559AEB25A0BCA100AA8E41 /* UserCell.swift in Sources */,
				AAC726CC26B5DAEE0083B4B9 /* WebLoginViewController.swift in Sources */,
				8449984C25EADF9500830EBD /* CountOfViews.swift in Sources */,
				AA0102C327038E16006CE9A2 /* Photo.swift in Sources */,
				84CE66F4259FD8FA003DACF0 /* LoginFormController.swift in Sources */,
				AA7ECA822712415E00349B73 /* Friend.swift in Sources */,
				AA0102A026FCF5A9006CE9A2 /* RequestToAPI.swift in Sources */,
				AAD9F87926B02C4700060E33 /* CustomInteractiveTransition.swift in Sources */,
				84CE66F8259FDAEF003DACF0 /* Login2.swift in Sources */,
				844DC74E259D28A0007AC6F3 /* SceneDelegate.swift in Sources */,
				AAD9F87326B02C0C00060E33 /* CustomPopAnimator.swift in Sources */,
				84C0423A25E1C5D600ED8E0C /* NewsViewController.swift in Sources */,
				AAD9F86F26B02BEF00060E33 /* CustomPushAnimator.swift in Sources */,
				84559B0225A0C0D300AA8E41 /* FriendCollectionViewController.swift in Sources */,
				AA7ECA882712440400349B73 /* NetworkResponce .swift in Sources */,
				84559AFB25A0BFC800AA8E41 /* AllGroupTableViewController.swift in Sources */,
				8450C40325A24A50006D6B55 /* LikeButtom.swift in Sources */,
				AA56FBE126658752008DDB0C /* CustomImageViewWithSlideAnimate.swift in Sources */,
				84559B0525A0C0EC00AA8E41 /* FriendCollectionViewCell.swift in Sources */,
				AAC83E5125FA524C005938E0 /* LoadingView.swift in Sources */,
			);
			runOnlyForDeploymentPostprocessing = 0;
		};
/* End PBXSourcesBuildPhase section */

/* Begin PBXVariantGroup section */
		844DC751259D28A0007AC6F3 /* Main.storyboard */ = {
			isa = PBXVariantGroup;
			children = (
				844DC752259D28A0007AC6F3 /* Base */,
			);
			name = Main.storyboard;
			sourceTree = "<group>";
		};
		844DC756259D28A1007AC6F3 /* LaunchScreen.storyboard */ = {
			isa = PBXVariantGroup;
			children = (
				844DC757259D28A1007AC6F3 /* Base */,
			);
			name = LaunchScreen.storyboard;
			sourceTree = "<group>";
		};
/* End PBXVariantGroup section */

/* Begin XCBuildConfiguration section */
		844DC75A259D28A1007AC6F3 /* Debug */ = {
			isa = XCBuildConfiguration;
			buildSettings = {
				ALWAYS_SEARCH_USER_PATHS = NO;
				CLANG_ANALYZER_NONNULL = YES;
				CLANG_ANALYZER_NUMBER_OBJECT_CONVERSION = YES_AGGRESSIVE;
				CLANG_CXX_LANGUAGE_STANDARD = "gnu++14";
				CLANG_CXX_LIBRARY = "libc++";
				CLANG_ENABLE_MODULES = YES;
				CLANG_ENABLE_OBJC_ARC = YES;
				CLANG_ENABLE_OBJC_WEAK = YES;
				CLANG_WARN_BLOCK_CAPTURE_AUTORELEASING = YES;
				CLANG_WARN_BOOL_CONVERSION = YES;
				CLANG_WARN_COMMA = YES;
				CLANG_WARN_CONSTANT_CONVERSION = YES;
				CLANG_WARN_DEPRECATED_OBJC_IMPLEMENTATIONS = YES;
				CLANG_WARN_DIRECT_OBJC_ISA_USAGE = YES_ERROR;
				CLANG_WARN_DOCUMENTATION_COMMENTS = YES;
				CLANG_WARN_EMPTY_BODY = YES;
				CLANG_WARN_ENUM_CONVERSION = YES;
				CLANG_WARN_INFINITE_RECURSION = YES;
				CLANG_WARN_INT_CONVERSION = YES;
				CLANG_WARN_NON_LITERAL_NULL_CONVERSION = YES;
				CLANG_WARN_OBJC_IMPLICIT_RETAIN_SELF = YES;
				CLANG_WARN_OBJC_LITERAL_CONVERSION = YES;
				CLANG_WARN_OBJC_ROOT_CLASS = YES_ERROR;
				CLANG_WARN_QUOTED_INCLUDE_IN_FRAMEWORK_HEADER = YES;
				CLANG_WARN_RANGE_LOOP_ANALYSIS = YES;
				CLANG_WARN_STRICT_PROTOTYPES = YES;
				CLANG_WARN_SUSPICIOUS_MOVE = YES;
				CLANG_WARN_UNGUARDED_AVAILABILITY = YES_AGGRESSIVE;
				CLANG_WARN_UNREACHABLE_CODE = YES;
				CLANG_WARN__DUPLICATE_METHOD_MATCH = YES;
				COPY_PHASE_STRIP = NO;
				DEBUG_INFORMATION_FORMAT = dwarf;
				ENABLE_STRICT_OBJC_MSGSEND = YES;
				ENABLE_TESTABILITY = YES;
				GCC_C_LANGUAGE_STANDARD = gnu11;
				GCC_DYNAMIC_NO_PIC = NO;
				GCC_NO_COMMON_BLOCKS = YES;
				GCC_OPTIMIZATION_LEVEL = 0;
				GCC_PREPROCESSOR_DEFINITIONS = (
					"DEBUG=1",
					"$(inherited)",
				);
				GCC_WARN_64_TO_32_BIT_CONVERSION = YES;
				GCC_WARN_ABOUT_RETURN_TYPE = YES_ERROR;
				GCC_WARN_UNDECLARED_SELECTOR = YES;
				GCC_WARN_UNINITIALIZED_AUTOS = YES_AGGRESSIVE;
				GCC_WARN_UNUSED_FUNCTION = YES;
				GCC_WARN_UNUSED_VARIABLE = YES;
				IPHONEOS_DEPLOYMENT_TARGET = 14.3;
				MTL_ENABLE_DEBUG_INFO = INCLUDE_SOURCE;
				MTL_FAST_MATH = YES;
				ONLY_ACTIVE_ARCH = YES;
				SDKROOT = iphoneos;
				SWIFT_ACTIVE_COMPILATION_CONDITIONS = DEBUG;
				SWIFT_OPTIMIZATION_LEVEL = "-Onone";
			};
			name = Debug;
		};
		844DC75B259D28A1007AC6F3 /* Release */ = {
			isa = XCBuildConfiguration;
			buildSettings = {
				ALWAYS_SEARCH_USER_PATHS = NO;
				CLANG_ANALYZER_NONNULL = YES;
				CLANG_ANALYZER_NUMBER_OBJECT_CONVERSION = YES_AGGRESSIVE;
				CLANG_CXX_LANGUAGE_STANDARD = "gnu++14";
				CLANG_CXX_LIBRARY = "libc++";
				CLANG_ENABLE_MODULES = YES;
				CLANG_ENABLE_OBJC_ARC = YES;
				CLANG_ENABLE_OBJC_WEAK = YES;
				CLANG_WARN_BLOCK_CAPTURE_AUTORELEASING = YES;
				CLANG_WARN_BOOL_CONVERSION = YES;
				CLANG_WARN_COMMA = YES;
				CLANG_WARN_CONSTANT_CONVERSION = YES;
				CLANG_WARN_DEPRECATED_OBJC_IMPLEMENTATIONS = YES;
				CLANG_WARN_DIRECT_OBJC_ISA_USAGE = YES_ERROR;
				CLANG_WARN_DOCUMENTATION_COMMENTS = YES;
				CLANG_WARN_EMPTY_BODY = YES;
				CLANG_WARN_ENUM_CONVERSION = YES;
				CLANG_WARN_INFINITE_RECURSION = YES;
				CLANG_WARN_INT_CONVERSION = YES;
				CLANG_WARN_NON_LITERAL_NULL_CONVERSION = YES;
				CLANG_WARN_OBJC_IMPLICIT_RETAIN_SELF = YES;
				CLANG_WARN_OBJC_LITERAL_CONVERSION = YES;
				CLANG_WARN_OBJC_ROOT_CLASS = YES_ERROR;
				CLANG_WARN_QUOTED_INCLUDE_IN_FRAMEWORK_HEADER = YES;
				CLANG_WARN_RANGE_LOOP_ANALYSIS = YES;
				CLANG_WARN_STRICT_PROTOTYPES = YES;
				CLANG_WARN_SUSPICIOUS_MOVE = YES;
				CLANG_WARN_UNGUARDED_AVAILABILITY = YES_AGGRESSIVE;
				CLANG_WARN_UNREACHABLE_CODE = YES;
				CLANG_WARN__DUPLICATE_METHOD_MATCH = YES;
				COPY_PHASE_STRIP = NO;
				DEBUG_INFORMATION_FORMAT = "dwarf-with-dsym";
				ENABLE_NS_ASSERTIONS = NO;
				ENABLE_STRICT_OBJC_MSGSEND = YES;
				GCC_C_LANGUAGE_STANDARD = gnu11;
				GCC_NO_COMMON_BLOCKS = YES;
				GCC_WARN_64_TO_32_BIT_CONVERSION = YES;
				GCC_WARN_ABOUT_RETURN_TYPE = YES_ERROR;
				GCC_WARN_UNDECLARED_SELECTOR = YES;
				GCC_WARN_UNINITIALIZED_AUTOS = YES_AGGRESSIVE;
				GCC_WARN_UNUSED_FUNCTION = YES;
				GCC_WARN_UNUSED_VARIABLE = YES;
				IPHONEOS_DEPLOYMENT_TARGET = 14.3;
				MTL_ENABLE_DEBUG_INFO = NO;
				MTL_FAST_MATH = YES;
				SDKROOT = iphoneos;
				SWIFT_COMPILATION_MODE = wholemodule;
				SWIFT_OPTIMIZATION_LEVEL = "-O";
				VALIDATE_PRODUCT = YES;
			};
			name = Release;
		};
		844DC75D259D28A1007AC6F3 /* Debug */ = {
			isa = XCBuildConfiguration;
			baseConfigurationReference = E5E55E6451E54BD6C2922F83 /* Pods-VK Client.debug.xcconfig */;
			buildSettings = {
				ASSETCATALOG_COMPILER_APPICON_NAME = AppIcon;
				ASSETCATALOG_COMPILER_GLOBAL_ACCENT_COLOR_NAME = AccentColor;
				CODE_SIGN_STYLE = Automatic;
				DEVELOPMENT_TEAM = D6B2K8PUF6;
				INFOPLIST_FILE = "VK Client/Info.plist";
				LD_RUNPATH_SEARCH_PATHS = (
					"$(inherited)",
					"@executable_path/Frameworks",
				);
				PRODUCT_BUNDLE_IDENTIFIER = "RE.VK-Client";
				PRODUCT_NAME = "$(TARGET_NAME)";
				SWIFT_VERSION = 5.0;
				TARGETED_DEVICE_FAMILY = "1,2";
			};
			name = Debug;
		};
		844DC75E259D28A1007AC6F3 /* Release */ = {
			isa = XCBuildConfiguration;
			baseConfigurationReference = 68FD9567759A5A607C505B4B /* Pods-VK Client.release.xcconfig */;
			buildSettings = {
				ASSETCATALOG_COMPILER_APPICON_NAME = AppIcon;
				ASSETCATALOG_COMPILER_GLOBAL_ACCENT_COLOR_NAME = AccentColor;
				CODE_SIGN_STYLE = Automatic;
				DEVELOPMENT_TEAM = D6B2K8PUF6;
				INFOPLIST_FILE = "VK Client/Info.plist";
				LD_RUNPATH_SEARCH_PATHS = (
					"$(inherited)",
					"@executable_path/Frameworks",
				);
				PRODUCT_BUNDLE_IDENTIFIER = "RE.VK-Client";
				PRODUCT_NAME = "$(TARGET_NAME)";
				SWIFT_VERSION = 5.0;
				TARGETED_DEVICE_FAMILY = "1,2";
			};
			name = Release;
		};
/* End XCBuildConfiguration section */

/* Begin XCConfigurationList section */
		844DC743259D28A0007AC6F3 /* Build configuration list for PBXProject "VK Client" */ = {
			isa = XCConfigurationList;
			buildConfigurations = (
				844DC75A259D28A1007AC6F3 /* Debug */,
				844DC75B259D28A1007AC6F3 /* Release */,
			);
			defaultConfigurationIsVisible = 0;
			defaultConfigurationName = Release;
		};
		844DC75C259D28A1007AC6F3 /* Build configuration list for PBXNativeTarget "VK Client" */ = {
			isa = XCConfigurationList;
			buildConfigurations = (
				844DC75D259D28A1007AC6F3 /* Debug */,
				844DC75E259D28A1007AC6F3 /* Release */,
			);
			defaultConfigurationIsVisible = 0;
			defaultConfigurationName = Release;
		};
/* End XCConfigurationList section */
	};
	rootObject = 844DC740259D28A0007AC6F3 /* Project object */;
}
